
Microsoft Visual Studio Solution File, Format Version 12.00
# Visual Studio 15
VisualStudioVersion = 15.0.27130.2010
MinimumVisualStudioVersion = 10.0.40219.1
Project("{FAE04EC0-301F-11D3-BF4B-00C04F79EFBC}") = "APKCheck", "APKCheck.csproj", "{72823CAF-2E91-46B1-8B37-E17F4130A5C6}"
EndProject
Global
	GlobalSection(SolutionConfigurationPlatforms) = preSolution
		Debug|Any CPU = Debug|Any CPU
		Release|Any CPU = Release|Any CPU
	EndGlobalSection
	GlobalSection(ProjectConfigurationPlatforms) = postSolution
		{72823CAF-2E91-46B1-8B37-E17F4130A5C6}.Debug|Any CPU.ActiveCfg = Debug|Any CPU
		{72823CAF-2E91-46B1-8B37-E17F4130A5C6}.Debug|Any CPU.Build.0 = Debug|Any CPU
		{72823CAF-2E91-46B1-8B37-E17F4130A5C6}.Release|Any CPU.ActiveCfg = Release|Any CPU
		{72823CAF-2E91-46B1-8B37-E17F4130A5C6}.Release|Any CPU.Build.0 = Release|Any CPU
	EndGlobalSection
	GlobalSection(SolutionProperties) = preSolution
		HideSolutionNode = FALSE
	EndGlobalSection
	GlobalSection(ExtensibilityGlobals) = postSolution
		SolutionGuid = {40A58144-8CA4-410D-BCA2-0E40C33A3A19}
	EndGlobalSection
EndGlobal
